
Microsoft Visual Studio Solution File, Format Version 12.00
# Visual Studio Version 16
VisualStudioVersion = 16.0.33801.447
MinimumVisualStudioVersion = 10.0.40219.1
Project("{FAE04EC0-301F-11D3-BF4B-00C04F79EFBC}") = "CalculatorOOP", "CalculatorOOP\CalculatorOOP.csproj", "{44C316CD-80EF-47F0-BFF4-69FBE9E22408}"
EndProject
Global
	GlobalSection(SolutionConfigurationPlatforms) = preSolution
		Debug|Any CPU = Debug|Any CPU
		Release|Any CPU = Release|Any CPU
	EndGlobalSection
	GlobalSection(ProjectConfigurationPlatforms) = postSolution
		{44C316CD-80EF-47F0-BFF4-69FBE9E22408}.Debug|Any CPU.ActiveCfg = Debug|Any CPU
		{44C316CD-80EF-47F0-BFF4-69FBE9E22408}.Debug|Any CPU.Build.0 = Debug|Any CPU
		{44C316CD-80EF-47F0-BFF4-69FBE9E22408}.Release|Any CPU.ActiveCfg = Release|Any CPU
		{44C316CD-80EF-47F0-BFF4-69FBE9E22408}.Release|Any CPU.Build.0 = Release|Any CPU
	EndGlobalSection
	GlobalSection(SolutionProperties) = preSolution
		HideSolutionNode = FALSE
	EndGlobalSection
	GlobalSection(ExtensibilityGlobals) = postSolution
		SolutionGuid = {DB058231-467C-498B-996E-9F1C5D627874}
	EndGlobalSection
EndGlobal
